
Microsoft Visual Studio Solution File, Format Version 12.00
# Visual Studio 15
VisualStudioVersion = 15.0.28307.960
MinimumVisualStudioVersion = 10.0.40219.1
Project("{FAE04EC0-301F-11D3-BF4B-00C04F79EFBC}") = "Mitchell1.Online.Catalog.Host", "Mitchell1.Online.Catalog.Host\Mitchell1.Online.Catalog.Host.csproj", "{227DD0EA-A370-41EC-B4A2-5656BD4483CF}"
EndProject
Project("{FAE04EC0-301F-11D3-BF4B-00C04F79EFBC}") = "Mitchell1.Online.Catalog.Host.Test", "Mitchell1.Online.Catalog.Host.Test\Mitchell1.Online.Catalog.Host.Test.csproj", "{E9F9EE6C-F945-43B1-8CE4-6BB08AE811AE}"
EndProject
Project("{FAE04EC0-301F-11D3-BF4B-00C04F79EFBC}") = "Mitchell1.Catalog.Driver", "Mitchell1.Catalog.Driver\Mitchell1.Catalog.Driver.csproj", "{15DD524C-06B8-484D-A2F5-389B9E9B9253}"
EndProject
Global
	GlobalSection(SolutionConfigurationPlatforms) = preSolution
		Debug|Any CPU = Debug|Any CPU
		Debug|ARM = Debug|ARM
		Debug|x64 = Debug|x64
		Debug|x86 = Debug|x86
		Release|Any CPU = Release|Any CPU
		Release|ARM = Release|ARM
		Release|x64 = Release|x64
		Release|x86 = Release|x86
	EndGlobalSection
	GlobalSection(ProjectConfigurationPlatforms) = postSolution
		{227DD0EA-A370-41EC-B4A2-5656BD4483CF}.Debug|Any CPU.ActiveCfg = Debug|Any CPU
		{227DD0EA-A370-41EC-B4A2-5656BD4483CF}.Debug|Any CPU.Build.0 = Debug|Any CPU
		{227DD0EA-A370-41EC-B4A2-5656BD4483CF}.Debug|ARM.ActiveCfg = Debug|Any CPU
		{227DD0EA-A370-41EC-B4A2-5656BD4483CF}.Debug|ARM.Build.0 = Debug|Any CPU
		{227DD0EA-A370-41EC-B4A2-5656BD4483CF}.Debug|x64.ActiveCfg = Debug|Any CPU
		{227DD0EA-A370-41EC-B4A2-5656BD4483CF}.Debug|x64.Build.0 = Debug|Any CPU
		{227DD0EA-A370-41EC-B4A2-5656BD4483CF}.Debug|x86.ActiveCfg = Debug|Any CPU
		{227DD0EA-A370-41EC-B4A2-5656BD4483CF}.Debug|x86.Build.0 = Debug|Any CPU
		{227DD0EA-A370-41EC-B4A2-5656BD4483CF}.Release|Any CPU.ActiveCfg = Release|Any CPU
		{227DD0EA-A370-41EC-B4A2-5656BD4483CF}.Release|Any CPU.Build.0 = Release|Any CPU
		{227DD0EA-A370-41EC-B4A2-5656BD4483CF}.Release|ARM.ActiveCfg = Release|Any CPU
		{227DD0EA-A370-41EC-B4A2-5656BD4483CF}.Release|ARM.Build.0 = Release|Any CPU
		{227DD0EA-A370-41EC-B4A2-5656BD4483CF}.Release|x64.ActiveCfg = Release|Any CPU
		{227DD0EA-A370-41EC-B4A2-5656BD4483CF}.Release|x64.Build.0 = Release|Any CPU
		{227DD0EA-A370-41EC-B4A2-5656BD4483CF}.Release|x86.ActiveCfg = Release|Any CPU
		{227DD0EA-A370-41EC-B4A2-5656BD4483CF}.Release|x86.Build.0 = Release|Any CPU
		{E9F9EE6C-F945-43B1-8CE4-6BB08AE811AE}.Debug|Any CPU.ActiveCfg = Debug|Any CPU
		{E9F9EE6C-F945-43B1-8CE4-6BB08AE811AE}.Debug|Any CPU.Build.0 = Debug|Any CPU
		{E9F9EE6C-F945-43B1-8CE4-6BB08AE811AE}.Debug|ARM.ActiveCfg = Debug|Any CPU
		{E9F9EE6C-F945-43B1-8CE4-6BB08AE811AE}.Debug|ARM.Build.0 = Debug|Any CPU
		{E9F9EE6C-F945-43B1-8CE4-6BB08AE811AE}.Debug|x64.ActiveCfg = Debug|Any CPU
		{E9F9EE6C-F945-43B1-8CE4-6BB08AE811AE}.Debug|x64.Build.0 = Debug|Any CPU
		{E9F9EE6C-F945-43B1-8CE4-6BB08AE811AE}.Debug|x86.ActiveCfg = Debug|Any CPU
		{E9F9EE6C-F945-43B1-8CE4-6BB08AE811AE}.Debug|x86.Build.0 = Debug|Any CPU
		{E9F9EE6C-F945-43B1-8CE4-6BB08AE811AE}.Release|Any CPU.ActiveCfg = Release|Any CPU
		{E9F9EE6C-F945-43B1-8CE4-6BB08AE811AE}.Release|Any CPU.Build.0 = Release|Any CPU
		{E9F9EE6C-F945-43B1-8CE4-6BB08AE811AE}.Release|ARM.ActiveCfg = Release|Any CPU
		{E9F9EE6C-F945-43B1-8CE4-6BB08AE811AE}.Release|ARM.Build.0 = Release|Any CPU
		{E9F9EE6C-F945-43B1-8CE4-6BB08AE811AE}.Release|x64.ActiveCfg = Release|Any CPU
		{E9F9EE6C-F945-43B1-8CE4-6BB08AE811AE}.Release|x64.Build.0 = Release|Any CPU
		{E9F9EE6C-F945-43B1-8CE4-6BB08AE811AE}.Release|x86.ActiveCfg = Release|Any CPU
		{E9F9EE6C-F945-43B1-8CE4-6BB08AE811AE}.Release|x86.Build.0 = Release|Any CPU
		{15DD524C-06B8-484D-A2F5-389B9E9B9253}.Debug|Any CPU.ActiveCfg = Debug|Any CPU
		{15DD524C-06B8-484D-A2F5-389B9E9B9253}.Debug|Any CPU.Build.0 = Debug|Any CPU
		{15DD524C-06B8-484D-A2F5-389B9E9B9253}.Debug|ARM.ActiveCfg = Debug|Any CPU
		{15DD524C-06B8-484D-A2F5-389B9E9B9253}.Debug|ARM.Build.0 = Debug|Any CPU
		{15DD524C-06B8-484D-A2F5-389B9E9B9253}.Debug|x64.ActiveCfg = Debug|Any CPU
		{15DD524C-06B8-484D-A2F5-389B9E9B9253}.Debug|x64.Build.0 = Debug|Any CPU
		{15DD524C-06B8-484D-A2F5-389B9E9B9253}.Debug|x86.ActiveCfg = Debug|Any CPU
		{15DD524C-06B8-484D-A2F5-389B9E9B9253}.Debug|x86.Build.0 = Debug|Any CPU
		{15DD524C-06B8-484D-A2F5-389B9E9B9253}.Release|Any CPU.ActiveCfg = Release|Any CPU
		{15DD524C-06B8-484D-A2F5-389B9E9B9253}.Release|Any CPU.Build.0 = Release|Any CPU
		{15DD524C-06B8-484D-A2F5-389B9E9B9253}.Release|ARM.ActiveCfg = Release|Any CPU
		{15DD524C-06B8-484D-A2F5-389B9E9B9253}.Release|ARM.Build.0 = Release|Any CPU
		{15DD524C-06B8-484D-A2F5-389B9E9B9253}.Release|x64.ActiveCfg = Release|Any CPU
		{15DD524C-06B8-484D-A2F5-389B9E9B9253}.Release|x64.Build.0 = Release|Any CPU
		{15DD524C-06B8-484D-A2F5-389B9E9B9253}.Release|x86.ActiveCfg = Release|Any CPU
		{15DD524C-06B8-484D-A2F5-389B9E9B9253}.Release|x86.Build.0 = Release|Any CPU
	EndGlobalSection
	GlobalSection(SolutionProperties) = preSolution
		HideSolutionNode = FALSE
	EndGlobalSection
	GlobalSection(ExtensibilityGlobals) = postSolution
		SolutionGuid = {2A1847C5-99E7-4571-94E9-64D43A8C21CA}
	EndGlobalSection
EndGlobal
